// !$*UTF8*$!
{
	archiveVersion = 1;
	classes = {
	};
	objectVersion = 46;
	objects = {

/* Begin PBXBuildFile section */
		CC33CEF61D3DBA6300666F03 /* main.m in Sources */ = {isa = PBXBuildFile; fileRef = CC33CEF51D3DBA6300666F03 /* main.m */; };
		CC33CEF91D3DBA6300666F03 /* AppDelegate.m in Sources */ = {isa = PBXBuildFile; fileRef = CC33CEF81D3DBA6300666F03 /* AppDelegate.m */; };
		CC33CEFC1D3DBA6300666F03 /* ViewController.m in Sources */ = {isa = PBXBuildFile; fileRef = CC33CEFB1D3DBA6300666F03 /* ViewController.m */; };
		CC33CEFF1D3DBA6300666F03 /* Main.storyboard in Resources */ = {isa = PBXBuildFile; fileRef = CC33CEFD1D3DBA6300666F03 /* Main.storyboard */; };
		CC33CF011D3DBA6300666F03 /* Assets.xcassets in Resources */ = {isa = PBXBuildFile; fileRef = CC33CF001D3DBA6300666F03 /* Assets.xcassets */; };
		CC33CF041D3DBA6300666F03 /* LaunchScreen.storyboard in Resources */ = {isa = PBXBuildFile; fileRef = CC33CF021D3DBA6300666F03 /* LaunchScreen.storyboard */; };
		CC33CF0F1D3DBA6300666F03 /* InvocationTests.m in Sources */ = {isa = PBXBuildFile; fileRef = CC33CF0E1D3DBA6300666F03 /* InvocationTests.m */; };
		CC33CF1A1D3DBA6300666F03 /* InvocationUITests.m in Sources */ = {isa = PBXBuildFile; fileRef = CC33CF191D3DBA6300666F03 /* InvocationUITests.m */; };
		CC33CF291D3DBA8100666F03 /* myclass.m in Sources */ = {isa = PBXBuildFile; fileRef = CC33CF281D3DBA8100666F03 /* myclass.m */; };
/* End PBXBuildFile section */

/* Begin PBXContainerItemProxy section */
		CC33CF0B1D3DBA6300666F03 /* PBXContainerItemProxy */ = {
			isa = PBXContainerItemProxy;
			containerPortal = CC33CEE91D3DBA6300666F03 /* Project object */;
			proxyType = 1;
			remoteGlobalIDString = CC33CEF01D3DBA6300666F03;
			remoteInfo = Invocation;
		};
		CC33CF161D3DBA6300666F03 /* PBXContainerItemProxy */ = {
			isa = PBXContainerItemProxy;
			containerPortal = CC33CEE91D3DBA6300666F03 /* Project object */;
			proxyType = 1;
			remoteGlobalIDString = CC33CEF01D3DBA6300666F03;
			remoteInfo = Invocation;
		};
/* End PBXContainerItemProxy section */

/* Begin PBXFileReference section */
		CC33CEF11D3DBA6300666F03 /* Invocation.app */ = {isa = PBXFileReference; explicitFileType = wrapper.application; includeInIndex = 0; path = Invocation.app; sourceTree = BUILT_PRODUCTS_DIR; };
		CC33CEF51D3DBA6300666F03 /* main.m */ = {isa = PBXFileReference; lastKnownFileType = sourcecode.c.objc; path = main.m; sourceTree = "<group>"; };
		CC33CEF71D3DBA6300666F03 /* AppDelegate.h */ = {isa = PBXFileReference; lastKnownFileType = sourcecode.c.h; path = AppDelegate.h; sourceTree = "<group>"; };
		CC33CEF81D3DBA6300666F03 /* AppDelegate.m */ = {isa = PBXFileReference; lastKnownFileType = sourcecode.c.objc; path = AppDelegate.m; sourceTree = "<group>"; };
		CC33CEFA1D3DBA6300666F03 /* ViewController.h */ = {isa = PBXFileReference; lastKnownFileType = sourcecode.c.h; path = ViewController.h; sourceTree = "<group>"; };
		CC33CEFB1D3DBA6300666F03 /* ViewController.m */ = {isa = PBXFileReference; lastKnownFileType = sourcecode.c.objc; path = ViewController.m; sourceTree = "<group>"; };
		CC33CEFE1D3DBA6300666F03 /* Base */ = {isa = PBXFileReference; lastKnownFileType = file.storyboard; name = Base; path = Base.lproj/Main.storyboard; sourceTree = "<group>"; };
		CC33CF001D3DBA6300666F03 /* Assets.xcassets */ = {isa = PBXFileReference; lastKnownFileType = folder.assetcatalog; path = Assets.xcassets; sourceTree = "<group>"; };
		CC33CF031D3DBA6300666F03 /* Base */ = {isa = PBXFileReference; lastKnownFileType = file.storyboard; name = Base; path = Base.lproj/LaunchScreen.storyboard; sourceTree = "<group>"; };
		CC33CF051D3DBA6300666F03 /* Info.plist */ = {isa = PBXFileReference; lastKnownFileType = text.plist.xml; path = Info.plist; sourceTree = "<group>"; };
		CC33CF0A1D3DBA6300666F03 /* InvocationTests.xctest */ = {isa = PBXFileReference; explicitFileType = wrapper.cfbundle; includeInIndex = 0; path = InvocationTests.xctest; sourceTree = BUILT_PRODUCTS_DIR; };
		CC33CF0E1D3DBA6300666F03 /* InvocationTests.m */ = {isa = PBXFileReference; lastKnownFileType = sourcecode.c.objc; path = InvocationTests.m; sourceTree = "<group>"; };
		CC33CF101D3DBA6300666F03 /* Info.plist */ = {isa = PBXFileReference; lastKnownFileType = text.plist.xml; path = Info.plist; sourceTree = "<group>"; };
		CC33CF151D3DBA6300666F03 /* InvocationUITests.xctest */ = {isa = PBXFileReference; explicitFileType = wrapper.cfbundle; includeInIndex = 0; path = InvocationUITests.xctest; sourceTree = BUILT_PRODUCTS_DIR; };
		CC33CF191D3DBA6300666F03 /* InvocationUITests.m */ = {isa = PBXFileReference; lastKnownFileType = sourcecode.c.objc; path = InvocationUITests.m; sourceTree = "<group>"; };
		CC33CF1B1D3DBA6300666F03 /* Info.plist */ = {isa = PBXFileReference; lastKnownFileType = text.plist.xml; path = Info.plist; sourceTree = "<group>"; };
		CC33CF271D3DBA8100666F03 /* myclass.h */ = {isa = PBXFileReference; fileEncoding = 4; lastKnownFileType = sourcecode.c.h; path = myclass.h; sourceTree = "<group>"; };
		CC33CF281D3DBA8100666F03 /* myclass.m */ = {isa = PBXFileReference; fileEncoding = 4; lastKnownFileType = sourcecode.c.objc; path = myclass.m; sourceTree = "<group>"; };
/* End PBXFileReference section */

/* Begin PBXFrameworksBuildPhase section */
		CC33CEEE1D3DBA6300666F03 /* Frameworks */ = {
			isa = PBXFrameworksBuildPhase;
			buildActionMask = 2147483647;
			files = (
			);
			runOnlyForDeploymentPostprocessing = 0;
		};
		CC33CF071D3DBA6300666F03 /* Frameworks */ = {
			isa = PBXFrameworksBuildPhase;
			buildActionMask = 2147483647;
			files = (
			);
			runOnlyForDeploymentPostprocessing = 0;
		};
		CC33CF121D3DBA6300666F03 /* Frameworks */ = {
			isa = PBXFrameworksBuildPhase;
			buildActionMask = 2147483647;
			files = (
			);
			runOnlyForDeploymentPostprocessing = 0;
		};
/* End PBXFrameworksBuildPhase section */

/* Begin PBXGroup section */
		CC33CEE81D3DBA6300666F03 = {
			isa = PBXGroup;
			children = (
				CC33CEF31D3DBA6300666F03 /* Invocation */,
				CC33CF0D1D3DBA6300666F03 /* InvocationTests */,
				CC33CF181D3DBA6300666F03 /* InvocationUITests */,
				CC33CEF21D3DBA6300666F03 /* Products */,
			);
			sourceTree = "<group>";
		};
		CC33CEF21D3DBA6300666F03 /* Products */ = {
			isa = PBXGroup;
			children = (
				CC33CEF11D3DBA6300666F03 /* Invocation.app */,
				CC33CF0A1D3DBA6300666F03 /* InvocationTests.xctest */,
				CC33CF151D3DBA6300666F03 /* InvocationUITests.xctest */,
			);
			name = Products;
			sourceTree = "<group>";
		};
		CC33CEF31D3DBA6300666F03 /* Invocation */ = {
			isa = PBXGroup;
			children = (
				CC33CEF71D3DBA6300666F03 /* AppDelegate.h */,
				CC33CEF81D3DBA6300666F03 /* AppDelegate.m */,
				CC33CEFA1D3DBA6300666F03 /* ViewController.h */,
				CC33CEFB1D3DBA6300666F03 /* ViewController.m */,
				CC33CF271D3DBA8100666F03 /* myclass.h */,
				CC33CF281D3DBA8100666F03 /* myclass.m */,
				CC33CEFD1D3DBA6300666F03 /* Main.storyboard */,
				CC33CF001D3DBA6300666F03 /* Assets.xcassets */,
				CC33CF021D3DBA6300666F03 /* LaunchScreen.storyboard */,
				CC33CF051D3DBA6300666F03 /* Info.plist */,
				CC33CEF41D3DBA6300666F03 /* Supporting Files */,
			);
			path = Invocation;
			sourceTree = "<group>";
		};
		CC33CEF41D3DBA6300666F03 /* Supporting Files */ = {
			isa = PBXGroup;
			children = (
				CC33CEF51D3DBA6300666F03 /* main.m */,
			);
			name = "Supporting Files";
			sourceTree = "<group>";
		};
		CC33CF0D1D3DBA6300666F03 /* InvocationTests */ = {
			isa = PBXGroup;
			children = (
				CC33CF0E1D3DBA6300666F03 /* InvocationTests.m */,
				CC33CF101D3DBA6300666F03 /* Info.plist */,
			);
			path = InvocationTests;
			sourceTree = "<group>";
		};
		CC33CF181D3DBA6300666F03 /* InvocationUITests */ = {
			isa = PBXGroup;
			children = (
				CC33CF191D3DBA6300666F03 /* InvocationUITests.m */,
				CC33CF1B1D3DBA6300666F03 /* Info.plist */,
			);
			path = InvocationUITests;
			sourceTree = "<group>";
		};
/* End PBXGroup section */

/* Begin PBXNativeTarget section */
		CC33CEF01D3DBA6300666F03 /* Invocation */ = {
			isa = PBXNativeTarget;
			buildConfigurationList = CC33CF1E1D3DBA6300666F03 /* Build configuration list for PBXNativeTarget "Invocation" */;
			buildPhases = (
				CC33CEED1D3DBA6300666F03 /* Sources */,
				CC33CEEE1D3DBA6300666F03 /* Frameworks */,
				CC33CEEF1D3DBA6300666F03 /* Resources */,
			);
			buildRules = (
			);
			dependencies = (
			);
			name = Invocation;
			productName = Invocation;
			productReference = CC33CEF11D3DBA6300666F03 /* Invocation.app */;
			productType = "com.apple.product-type.application";
		};
		CC33CF091D3DBA6300666F03 /* InvocationTests */ = {
			isa = PBXNativeTarget;
			buildConfigurationList = CC33CF211D3DBA6300666F03 /* Build configuration list for PBXNativeTarget "InvocationTests" */;
			buildPhases = (
				CC33CF061D3DBA6300666F03 /* Sources */,
				CC33CF071D3DBA6300666F03 /* Frameworks */,
				CC33CF081D3DBA6300666F03 /* Resources */,
			);
			buildRules = (
			);
			dependencies = (
				CC33CF0C1D3DBA6300666F03 /* PBXTargetDependency */,
			);
			name = InvocationTests;
			productName = InvocationTests;
			productReference = CC33CF0A1D3DBA6300666F03 /* InvocationTests.xctest */;
			productType = "com.apple.product-type.bundle.unit-test";
		};
		CC33CF141D3DBA6300666F03 /* InvocationUITests */ = {
			isa = PBXNativeTarget;
			buildConfigurationList = CC33CF241D3DBA6300666F03 /* Build configuration list for PBXNativeTarget "InvocationUITests" */;
			buildPhases = (
				CC33CF111D3DBA6300666F03 /* Sources */,
				CC33CF121D3DBA6300666F03 /* Frameworks */,
				CC33CF131D3DBA6300666F03 /* Resources */,
			);
			buildRules = (
			);
			dependencies = (
				CC33CF171D3DBA6300666F03 /* PBXTargetDependency */,
			);
			name = InvocationUITests;
			productName = InvocationUITests;
			productReference = CC33CF151D3DBA6300666F03 /* InvocationUITests.xctest */;
			productType = "com.apple.product-type.bundle.ui-testing";
		};
/* End PBXNativeTarget section */

/* Begin PBXProject section */
		CC33CEE91D3DBA6300666F03 /* Project object */ = {
			isa = PBXProject;
			attributes = {
				LastUpgradeCheck = 0730;
				ORGANIZATIONNAME = "张友波";
				TargetAttributes = {
					CC33CEF01D3DBA6300666F03 = {
						CreatedOnToolsVersion = 7.3.1;
					};
					CC33CF091D3DBA6300666F03 = {
						CreatedOnToolsVersion = 7.3.1;
						TestTargetID = CC33CEF01D3DBA6300666F03;
					};
					CC33CF141D3DBA6300666F03 = {
						CreatedOnToolsVersion = 7.3.1;
						TestTargetID = CC33CEF01D3DBA6300666F03;
					};
				};
			};
			buildConfigurationList = CC33CEEC1D3DBA6300666F03 /* Build configuration list for PBXProject "Invocation" */;
			compatibilityVersion = "Xcode 3.2";
			developmentRegion = English;
			hasScannedForEncodings = 0;
			knownRegions = (
				en,
				Base,
			);
			mainGroup = CC33CEE81D3DBA6300666F03;
			productRefGroup = CC33CEF21D3DBA6300666F03 /* Products */;
			projectDirPath = "";
			projectRoot = "";
			targets = (
				CC33CEF01D3DBA6300666F03 /* Invocation */,
				CC33CF091D3DBA6300666F03 /* InvocationTests */,
				CC33CF141D3DBA6300666F03 /* InvocationUITests */,
			);
		};
/* End PBXProject section */

/* Begin PBXResourcesBuildPhase section */
		CC33CEEF1D3DBA6300666F03 /* Resources */ = {
			isa = PBXResourcesBuildPhase;
			buildActionMask = 2147483647;
			files = (
				CC33CF041D3DBA6300666F03 /* LaunchScreen.storyboard in Resources */,
				CC33CF011D3DBA6300666F03 /* Assets.xcassets in Resources */,
				CC33CEFF1D3DBA6300666F03 /* Main.storyboard in Resources */,
			);
			runOnlyForDeploymentPostprocessing = 0;
		};
		CC33CF081D3DBA6300666F03 /* Resources */ = {
			isa = PBXResourcesBuildPhase;
			buildActionMask = 2147483647;
			files = (
			);
			runOnlyForDeploymentPostprocessing = 0;
		};
		CC33CF131D3DBA6300666F03 /* Resources */ = {
			isa = PBXResourcesBuildPhase;
			buildActionMask = 2147483647;
			files = (
			);
			runOnlyForDeploymentPostprocessing = 0;
		};
/* End PBXResourcesBuildPhase section */

/* Begin PBXSourcesBuildPhase section */
		CC33CEED1D3DBA6300666F03 /* Sources */ = {
			isa = PBXSourcesBuildPhase;
			buildActionMask = 2147483647;
			files = (
				CC33CF291D3DBA8100666F03 /* myclass.m in Sources */,
				CC33CEFC1D3DBA6300666F03 /* ViewController.m in Sources */,
				CC33CEF91D3DBA6300666F03 /* AppDelegate.m in Sources */,
				CC33CEF61D3DBA6300666F03 /* main.m in Sources */,
			);
			runOnlyForDeploymentPostprocessing = 0;
		};
		CC33CF061D3DBA6300666F03 /* Sources */ = {
			isa = PBXSourcesBuildPhase;
			buildActionMask = 2147483647;
			files = (
				CC33CF0F1D3DBA6300666F03 /* InvocationTests.m in Sources */,
			);
			runOnlyForDeploymentPostprocessing = 0;
		};
		CC33CF111D3DBA6300666F03 /* Sources */ = {
			isa = PBXSourcesBuildPhase;
			buildActionMask = 2147483647;
			files = (
				CC33CF1A1D3DBA6300666F03 /* InvocationUITests.m in Sources */,
			);
			runOnlyForDeploymentPostprocessing = 0;
		};
/* End PBXSourcesBuildPhase section */

/* Begin PBXTargetDependency section */
		CC33CF0C1D3DBA6300666F03 /* PBXTargetDependency */ = {
			isa = PBXTargetDependency;
			target = CC33CEF01D3DBA6300666F03 /* Invocation */;
			targetProxy = CC33CF0B1D3DBA6300666F03 /* PBXContainerItemProxy */;
		};
		CC33CF171D3DBA6300666F03 /* PBXTargetDependency */ = {
			isa = PBXTargetDependency;
			target = CC33CEF01D3DBA6300666F03 /* Invocation */;
			targetProxy = CC33CF161D3DBA6300666F03 /* PBXContainerItemProxy */;
		};
/* End PBXTargetDependency section */

/* Begin PBXVariantGroup section */
		CC33CEFD1D3DBA6300666F03 /* Main.storyboard */ = {
			isa = PBXVariantGroup;
			children = (
				CC33CEFE1D3DBA6300666F03 /* Base */,
			);
			name = Main.storyboard;
			sourceTree = "<group>";
		};
		CC33CF021D3DBA6300666F03 /* LaunchScreen.storyboard */ = {
			isa = PBXVariantGroup;
			children = (
				CC33CF031D3DBA6300666F03 /* Base */,
			);
			name = LaunchScreen.storyboard;
			sourceTree = "<group>";
		};
/* End PBXVariantGroup section */

/* Begin XCBuildConfiguration section */
		CC33CF1C1D3DBA6300666F03 /* Debug */ = {
			isa = XCBuildConfiguration;
			buildSettings = {
				ALWAYS_SEARCH_USER_PATHS = NO;
				CLANG_ANALYZER_NONNULL = YES;
				CLANG_CXX_LANGUAGE_STANDARD = "gnu++0x";
				CLANG_CXX_LIBRARY = "libc++";
				CLANG_ENABLE_MODULES = YES;
				CLANG_ENABLE_OBJC_ARC = YES;
				CLANG_WARN_BOOL_CONVERSION = YES;
				CLANG_WARN_CONSTANT_CONVERSION = YES;
				CLANG_WARN_DIRECT_OBJC_ISA_USAGE = YES_ERROR;
				CLANG_WARN_EMPTY_BODY = YES;
				CLANG_WARN_ENUM_CONVERSION = YES;
				CLANG_WARN_INT_CONVERSION = YES;
				CLANG_WARN_OBJC_ROOT_CLASS = YES_ERROR;
				CLANG_WARN_UNREACHABLE_CODE = YES;
				CLANG_WARN__DUPLICATE_METHOD_MATCH = YES;
				"CODE_SIGN_IDENTITY[sdk=iphoneos*]" = "iPhone Developer";
				COPY_PHASE_STRIP = NO;
				DEBUG_INFORMATION_FORMAT = dwarf;
				ENABLE_STRICT_OBJC_MSGSEND = YES;
				ENABLE_TESTABILITY = YES;
				GCC_C_LANGUAGE_STANDARD = gnu99;
				GCC_DYNAMIC_NO_PIC = NO;
				GCC_NO_COMMON_BLOCKS = YES;
				GCC_OPTIMIZATION_LEVEL = 0;
				GCC_PREPROCESSOR_DEFINITIONS = (
					"DEBUG=1",
					"$(inherited)",
				);
				GCC_WARN_64_TO_32_BIT_CONVERSION = YES;
				GCC_WARN_ABOUT_RETURN_TYPE = YES_ERROR;
				GCC_WARN_UNDECLARED_SELECTOR = YES;
				GCC_WARN_UNINITIALIZED_AUTOS = YES_AGGRESSIVE;
				GCC_WARN_UNUSED_FUNCTION = YES;
				GCC_WARN_UNUSED_VARIABLE = YES;
				IPHONEOS_DEPLOYMENT_TARGET = 9.3;
				MTL_ENABLE_DEBUG_INFO = YES;
				ONLY_ACTIVE_ARCH = YES;
				SDKROOT = iphoneos;
				TARGETED_DEVICE_FAMILY = "1,2";
			};
			name = Debug;
		};
		CC33CF1D1D3DBA6300666F03 /* Release */ = {
			isa = XCBuildConfiguration;
			buildSettings = {
				ALWAYS_SEARCH_USER_PATHS = NO;
				CLANG_ANALYZER_NONNULL = YES;
				CLANG_CXX_LANGUAGE_STANDARD = "gnu++0x";
				CLANG_CXX_LIBRARY = "libc++";
				CLANG_ENABLE_MODULES = YES;
				CLANG_ENABLE_OBJC_ARC = YES;
				CLANG_WARN_BOOL_CONVERSION = YES;
				CLANG_WARN_CONSTANT_CONVERSION = YES;
				CLANG_WARN_DIRECT_OBJC_ISA_USAGE = YES_ERROR;
				CLANG_WARN_EMPTY_BODY = YES;
				CLANG_WARN_ENUM_CONVERSION = YES;
				CLANG_WARN_INT_CONVERSION = YES;
				CLANG_WARN_OBJC_ROOT_CLASS = YES_ERROR;
				CLANG_WARN_UNREACHABLE_CODE = YES;
				CLANG_WARN__DUPLICATE_METHOD_MATCH = YES;
				"CODE_SIGN_IDENTITY[sdk=iphoneos*]" = "iPhone Developer";
				COPY_PHASE_STRIP = NO;
				DEBUG_INFORMATION_FORMAT = "dwarf-with-dsym";
				ENABLE_NS_ASSERTIONS = NO;
				ENABLE_STRICT_OBJC_MSGSEND = YES;
				GCC_C_LANGUAGE_STANDARD = gnu99;
				GCC_NO_COMMON_BLOCKS = YES;
				GCC_WARN_64_TO_32_BIT_CONVERSION = YES;
				GCC_WARN_ABOUT_RETURN_TYPE = YES_ERROR;
				GCC_WARN_UNDECLARED_SELECTOR = YES;
				GCC_WARN_UNINITIALIZED_AUTOS = YES_AGGRESSIVE;
				GCC_WARN_UNUSED_FUNCTION = YES;
				GCC_WARN_UNUSED_VARIABLE = YES;
				IPHONEOS_DEPLOYMENT_TARGET = 9.3;
				MTL_ENABLE_DEBUG_INFO = NO;
				SDKROOT = iphoneos;
				TARGETED_DEVICE_FAMILY = "1,2";
				VALIDATE_PRODUCT = YES;
			};
			name = Release;
		};
		CC33CF1F1D3DBA6300666F03 /* Debug */ = {
			isa = XCBuildConfiguration;
			buildSettings = {
				ASSETCATALOG_COMPILER_APPICON_NAME = AppIcon;
				INFOPLIST_FILE = Invocation/Info.plist;
				LD_RUNPATH_SEARCH_PATHS = "$(inherited) @executable_path/Frameworks";
				PRODUCT_BUNDLE_IDENTIFIER = lianyun.Invocation;
				PRODUCT_NAME = "$(TARGET_NAME)";
			};
			name = Debug;
		};
		CC33CF201D3DBA6300666F03 /* Release */ = {
			isa = XCBuildConfiguration;
			buildSettings = {
				ASSETCATALOG_COMPILER_APPICON_NAME = AppIcon;
				INFOPLIST_FILE = Invocation/Info.plist;
				LD_RUNPATH_SEARCH_PATHS = "$(inherited) @executable_path/Frameworks";
				PRODUCT_BUNDLE_IDENTIFIER = lianyun.Invocation;
				PRODUCT_NAME = "$(TARGET_NAME)";
			};
			name = Release;
		};
		CC33CF221D3DBA6300666F03 /* Debug */ = {
			isa = XCBuildConfiguration;
			buildSettings = {
				BUNDLE_LOADER = "$(TEST_HOST)";
				INFOPLIST_FILE = InvocationTests/Info.plist;
				LD_RUNPATH_SEARCH_PATHS = "$(inherited) @executable_path/Frameworks @loader_path/Frameworks";
				PRODUCT_BUNDLE_IDENTIFIER = lianyun.InvocationTests;
				PRODUCT_NAME = "$(TARGET_NAME)";
				TEST_HOST = "$(BUILT_PRODUCTS_DIR)/Invocation.app/Invocation";
			};
			name = Debug;
		};
		CC33CF231D3DBA6300666F03 /* Release */ = {
			isa = XCBuildConfiguration;
			buildSettings = {
				BUNDLE_LOADER = "$(TEST_HOST)";
				INFOPLIST_FILE = InvocationTests/Info.plist;
				LD_RUNPATH_SEARCH_PATHS = "$(inherited) @executable_path/Frameworks @loader_path/Frameworks";
				PRODUCT_BUNDLE_IDENTIFIER = lianyun.InvocationTests;
				PRODUCT_NAME = "$(TARGET_NAME)";
				TEST_HOST = "$(BUILT_PRODUCTS_DIR)/Invocation.app/Invocation";
			};
			name = Release;
		};
		CC33CF251D3DBA6300666F03 /* Debug */ = {
			isa = XCBuildConfiguration;
			buildSettings = {
				INFOPLIST_FILE = InvocationUITests/Info.plist;
				LD_RUNPATH_SEARCH_PATHS = "$(inherited) @executable_path/Frameworks @loader_path/Frameworks";
				PRODUCT_BUNDLE_IDENTIFIER = lianyun.InvocationUITests;
				PRODUCT_NAME = "$(TARGET_NAME)";
				TEST_TARGET_NAME = Invocation;
			};
			name = Debug;
		};
		CC33CF261D3DBA6300666F03 /* Release */ = {
			isa = XCBuildConfiguration;
			buildSettings = {
				INFOPLIST_FILE = InvocationUITests/Info.plist;
				LD_RUNPATH_SEARCH_PATHS = "$(inherited) @executable_path/Frameworks @loader_path/Frameworks";
				PRODUCT_BUNDLE_IDENTIFIER = lianyun.InvocationUITests;
				PRODUCT_NAME = "$(TARGET_NAME)";
				TEST_TARGET_NAME = Invocation;
			};
			name = Release;
		};
/* End XCBuildConfiguration section */

/* Begin XCConfigurationList section */
		CC33CEEC1D3DBA6300666F03 /* Build configuration list for PBXProject "Invocation" */ = {
			isa = XCConfigurationList;
			buildConfigurations = (
				CC33CF1C1D3DBA6300666F03 /* Debug */,
				CC33CF1D1D3DBA6300666F03 /* Release */,
			);
			defaultConfigurationIsVisible = 0;
			defaultConfigurationName = Release;
		};
		CC33CF1E1D3DBA6300666F03 /* Build configuration list for PBXNativeTarget "Invocation" */ = {
			isa = XCConfigurationList;
			buildConfigurations = (
				CC33CF1F1D3DBA6300666F03 /* Debug */,
				CC33CF201D3DBA6300666F03 /* Release */,
			);
			defaultConfigurationIsVisible = 0;
		};
		CC33CF211D3DBA6300666F03 /* Build configuration list for PBXNativeTarget "InvocationTests" */ = {
			isa = XCConfigurationList;
			buildConfigurations = (
				CC33CF221D3DBA6300666F03 /* Debug */,
				CC33CF231D3DBA6300666F03 /* Release */,
			);
			defaultConfigurationIsVisible = 0;
		};
		CC33CF241D3DBA6300666F03 /* Build configuration list for PBXNativeTarget "InvocationUITests" */ = {
			isa = XCConfigurationList;
			buildConfigurations = (
				CC33CF251D3DBA6300666F03 /* Debug */,
				CC33CF261D3DBA6300666F03 /* Release */,
			);
			defaultConfigurationIsVisible = 0;
		};
/* End XCConfigurationList section */
	};
	rootObject = CC33CEE91D3DBA6300666F03 /* Project object */;
}
